<?xml version="1.0" encoding="utf-8"?>
<Project ToolsVersion="4.0" xmlns="http://schemas.microsoft.com/developer/msbuild/2003">
  <ItemGroup>
    <Filter Include="Source Files">
      <UniqueIdentifier>{4FC737F1-C7A5-4376-A066-2A32D752A2FF}</UniqueIdentifier>
      <Extensions>cpp;c;cc;cxx;def;odl;idl;hpj;bat;asm;asmx</Extensions>
    </Filter>
    <Filter Include="Header Files">
      <UniqueIdentifier>{93995380-89BD-4b04-88EB-625FBE52EBFB}</UniqueIdentifier>
      <Extensions>h;hh;hpp;hxx;hm;inl;inc;xsd</Extensions>
    </Filter>
    <Filter Include="Resource Files">
      <UniqueIdentifier>{67DA6AB6-F800-4c08-8B7A-83BB121AAD01}</UniqueIdentifier>
      <Extensions>rc;ico;cur;bmp;dlg;rc2;rct;bin;rgs;gif;jpg;jpeg;jpe;resx;tiff;tif;png;wav;mfcribbon-ms</Extensions>
    </Filter>
  </ItemGroup>
  <ItemGroup>
    <ResourceCompile Include="SoftwareRenderer.rc">
      <Filter>Resource Files</Filter>
    </ResourceCompile>
  </ItemGroup>
  <ItemGroup>
    <Image Include="small.ico">
      <Filter>Resource Files</Filter>
    </Image>
    <Image Include="SoftwareRenderer.ico">
      <Filter>Resource Files</Filter>
    </Image>
  </ItemGroup>
  <ItemGroup>
    <ClInclude Include="SoftwareRenderer\Assert.h">
      <Filter>Header Files</Filter>
    </ClInclude>
    <ClInclude Include="SoftwareRenderer\base.h">
      <Filter>Header Files</Filter>
    </ClInclude>
    <ClInclude Include="SoftwareRenderer\Color.h">
      <Filter>Header Files</Filter>
    </ClInclude>
    <ClInclude Include="SoftwareRenderer\MathUtils.h">
      <Filter>Header Files</Filter>
    </ClInclude>
    <ClInclude Include="SoftwareRenderer\Matrix33.h">
      <Filter>Header Files</Filter>
    </ClInclude>
    <ClInclude Include="SoftwareRenderer\Matrix44.h">
      <Filter>Header Files</Filter>
    </ClInclude>
    <ClInclude Include="SoftwareRenderer\MD2.h">
      <Filter>Header Files</Filter>
    </ClInclude>
    <ClInclude Include="SoftwareRenderer\Quaternion.h">
      <Filter>Header Files</Filter>
    </ClInclude>
    <ClInclude Include="SoftwareRenderer\SizeOfArray.h">
      <Filter>Header Files</Filter>
    </ClInclude>
    <ClInclude Include="SoftwareRenderer\SoftwareRenderer.h">
      <Filter>Header Files</Filter>
    </ClInclude>
    <ClInclude Include="SoftwareRenderer\stdafx.h">
      <Filter>Header Files</Filter>
    </ClInclude>
    <ClInclude Include="SoftwareRenderer\sys.h">
      <Filter>Header Files</Filter>
    </ClInclude>
    <ClInclude Include="SoftwareRenderer\targetver.h">
      <Filter>Header Files</Filter>
    </ClInclude>
    <ClInclude Include="SoftwareRenderer\Vector2.h">
      <Filter>Header Files</Filter>
    </ClInclude>
    <ClInclude Include="SoftwareRenderer\Vector3.h">
      <Filter>Header Files</Filter>
    </ClInclude>
    <ClInclude Include="SoftwareRenderer\Vector4.h">
      <Filter>Header Files</Filter>
    </ClInclude>
    <ClInclude Include="SoftwareRenderer\Vertex.h">
      <Filter>Header Files</Filter>
    </ClInclude>
    <ClInclude Include="Resource.h">
      <Filter>Resource Files</Filter>
    </ClInclude>
    <ClInclude Include="targetver.h">
      <Filter>Resource Files</Filter>
    </ClInclude>
    <ClInclude Include="SoftwareRenderer\LogUtils.h">
      <Filter>Header Files</Filter>
    </ClInclude>
    <ClInclude Include="SoftwareRenderer\DemoController.h">
      <Filter>Header Files</Filter>
    </ClInclude>
    <ClInclude Include="SoftwareRenderer\Transform.h">
      <Filter>Header Files</Filter>
    </ClInclude>
  </ItemGroup>
  <ItemGroup>
    <ClCompile Include="SoftwareRenderer\main.cpp">
      <Filter>Source Files</Filter>
    </ClCompile>
    <ClCompile Include="SoftwareRenderer\MathUtils.cpp">
      <Filter>Source Files</Filter>
    </ClCompile>
    <ClCompile Include="SoftwareRenderer\Matrix33.cpp">
      <Filter>Source Files</Filter>
    </ClCompile>
    <ClCompile Include="SoftwareRenderer\Matrix44.cpp">
      <Filter>Source Files</Filter>
    </ClCompile>
    <ClCompile Include="SoftwareRenderer\MD2.cpp">
      <Filter>Source Files</Filter>
    </ClCompile>
    <ClCompile Include="SoftwareRenderer\Quaternion.cpp">
      <Filter>Source Files</Filter>
    </ClCompile>
    <ClCompile Include="SoftwareRenderer\SoftwareRenderer.cpp">
      <Filter>Source Files</Filter>
    </ClCompile>
    <ClCompile Include="SoftwareRenderer\sys_win.cpp">
      <Filter>Source Files</Filter>
    </ClCompile>
    <ClCompile Include="SoftwareRenderer\Vector2.cpp">
      <Filter>Source Files</Filter>
    </ClCompile>
    <ClCompile Include="SoftwareRenderer\Vector3.cpp">
      <Filter>Source Files</Filter>
    </ClCompile>
    <ClCompile Include="SoftwareRenderer\Vector4.cpp">
      <Filter>Source Files</Filter>
    </ClCompile>
    <ClCompile Include="SoftwareRenderer\Color.cpp">
      <Filter>Source Files</Filter>
    </ClCompile>
    <ClCompile Include="SoftwareRenderer\Vertex.cpp">
      <Filter>Source Files</Filter>
    </ClCompile>
    <ClCompile Include="SoftwareRenderer\LogUtils.cpp">
      <Filter>Source Files</Filter>
    </ClCompile>
    <ClCompile Include="SoftwareRenderer\DemoController.cpp">
      <Filter>Source Files</Filter>
    </ClCompile>
    <ClCompile Include="SoftwareRenderer\Transform.cpp">
      <Filter>Source Files</Filter>
    </ClCompile>
  </ItemGroup>
</Project>