// !$*UTF8*$!
{
	archiveVersion = 1;
	classes = {
	};
	objectVersion = 46;
	objects = {

/* Begin PBXBuildFile section */
		218494E11958D21100E6FCF7 /* Cocoa.framework in Frameworks */ = {isa = PBXBuildFile; fileRef = 218494E01958D21100E6FCF7 /* Cocoa.framework */; };
		218A900B19696F8F00F32339 /* SoftwareRenderer.cpp in Sources */ = {isa = PBXBuildFile; fileRef = 218A900A19696F8F00F32339 /* SoftwareRenderer.cpp */; };
		EBAA7622195C4A0500534532 /* main.cpp in Sources */ = {isa = PBXBuildFile; fileRef = EBAA7620195C4A0500534532 /* main.cpp */; };
		EBAA7625195C4A5700534532 /* stdafx.cpp in Sources */ = {isa = PBXBuildFile; fileRef = EBAA7623195C4A5700534532 /* stdafx.cpp */; };
		EBAA7628195C4A7500534532 /* sys_osx.cpp in Sources */ = {isa = PBXBuildFile; fileRef = EBAA7626195C4A7500534532 /* sys_osx.cpp */; };
		EBAA762A195C4AC500534532 /* OpenGL.framework in Frameworks */ = {isa = PBXBuildFile; fileRef = EBAA7629195C4AC500534532 /* OpenGL.framework */; };
		EBAA762C195C4ACA00534532 /* OpenAL.framework in Frameworks */ = {isa = PBXBuildFile; fileRef = EBAA762B195C4ACA00534532 /* OpenAL.framework */; };
		EBAA762E195C4AD200534532 /* IOKit.framework in Frameworks */ = {isa = PBXBuildFile; fileRef = EBAA762D195C4AD200534532 /* IOKit.framework */; };
/* End PBXBuildFile section */

/* Begin PBXFileReference section */
		218494DD1958D21100E6FCF7 /* SoftwareRenderer.app */ = {isa = PBXFileReference; explicitFileType = wrapper.application; includeInIndex = 0; path = SoftwareRenderer.app; sourceTree = BUILT_PRODUCTS_DIR; };
		218494E01958D21100E6FCF7 /* Cocoa.framework */ = {isa = PBXFileReference; lastKnownFileType = wrapper.framework; name = Cocoa.framework; path = System/Library/Frameworks/Cocoa.framework; sourceTree = SDKROOT; };
		218494E31958D21100E6FCF7 /* AppKit.framework */ = {isa = PBXFileReference; lastKnownFileType = wrapper.framework; name = AppKit.framework; path = System/Library/Frameworks/AppKit.framework; sourceTree = SDKROOT; };
		218494E41958D21100E6FCF7 /* CoreData.framework */ = {isa = PBXFileReference; lastKnownFileType = wrapper.framework; name = CoreData.framework; path = System/Library/Frameworks/CoreData.framework; sourceTree = SDKROOT; };
		218494E51958D21100E6FCF7 /* Foundation.framework */ = {isa = PBXFileReference; lastKnownFileType = wrapper.framework; name = Foundation.framework; path = System/Library/Frameworks/Foundation.framework; sourceTree = SDKROOT; };
		218494E81958D21100E6FCF7 /* SoftwareRenderer-Info.plist */ = {isa = PBXFileReference; lastKnownFileType = text.plist.xml; path = "SoftwareRenderer-Info.plist"; sourceTree = "<group>"; };
		218A900819696F6000F32339 /* SoftwareRenderer.h */ = {isa = PBXFileReference; lastKnownFileType = sourcecode.c.h; path = SoftwareRenderer.h; sourceTree = "<group>"; };
		218A900919696F6000F32339 /* Utils.h */ = {isa = PBXFileReference; lastKnownFileType = sourcecode.c.h; path = Utils.h; sourceTree = "<group>"; };
		218A900A19696F8F00F32339 /* SoftwareRenderer.cpp */ = {isa = PBXFileReference; fileEncoding = 4; lastKnownFileType = sourcecode.cpp.cpp; path = SoftwareRenderer.cpp; sourceTree = "<group>"; };
		EBAA7620195C4A0500534532 /* main.cpp */ = {isa = PBXFileReference; fileEncoding = 4; lastKnownFileType = sourcecode.cpp.cpp; path = main.cpp; sourceTree = "<group>"; };
		EBAA7623195C4A5700534532 /* stdafx.cpp */ = {isa = PBXFileReference; fileEncoding = 4; lastKnownFileType = sourcecode.cpp.cpp; path = stdafx.cpp; sourceTree = "<group>"; };
		EBAA7624195C4A5700534532 /* stdafx.h */ = {isa = PBXFileReference; fileEncoding = 4; lastKnownFileType = sourcecode.c.h; path = stdafx.h; sourceTree = "<group>"; };
		EBAA7626195C4A7500534532 /* sys_osx.cpp */ = {isa = PBXFileReference; fileEncoding = 4; lastKnownFileType = sourcecode.cpp.cpp; path = sys_osx.cpp; sourceTree = "<group>"; };
		EBAA7629195C4AC500534532 /* OpenGL.framework */ = {isa = PBXFileReference; lastKnownFileType = wrapper.framework; name = OpenGL.framework; path = System/Library/Frameworks/OpenGL.framework; sourceTree = SDKROOT; };
		EBAA762B195C4ACA00534532 /* OpenAL.framework */ = {isa = PBXFileReference; lastKnownFileType = wrapper.framework; name = OpenAL.framework; path = System/Library/Frameworks/OpenAL.framework; sourceTree = SDKROOT; };
		EBAA762D195C4AD200534532 /* IOKit.framework */ = {isa = PBXFileReference; lastKnownFileType = wrapper.framework; name = IOKit.framework; path = System/Library/Frameworks/IOKit.framework; sourceTree = SDKROOT; };
		EBAA7630195C4DDF00534532 /* base.h */ = {isa = PBXFileReference; lastKnownFileType = sourcecode.c.h; path = base.h; sourceTree = "<group>"; };
		EBDD4D9A195AFB9800512D87 /* sys.h */ = {isa = PBXFileReference; fileEncoding = 4; lastKnownFileType = sourcecode.c.h; path = sys.h; sourceTree = "<group>"; };
/* End PBXFileReference section */

/* Begin PBXFrameworksBuildPhase section */
		218494DA1958D21100E6FCF7 /* Frameworks */ = {
			isa = PBXFrameworksBuildPhase;
			buildActionMask = 2147483647;
			files = (
				EBAA762C195C4ACA00534532 /* OpenAL.framework in Frameworks */,
				EBAA762A195C4AC500534532 /* OpenGL.framework in Frameworks */,
				218494E11958D21100E6FCF7 /* Cocoa.framework in Frameworks */,
				EBAA762E195C4AD200534532 /* IOKit.framework in Frameworks */,
			);
			runOnlyForDeploymentPostprocessing = 0;
		};
/* End PBXFrameworksBuildPhase section */

/* Begin PBXGroup section */
		218494D41958D21100E6FCF7 = {
			isa = PBXGroup;
			children = (
				218494E61958D21100E6FCF7 /* SoftwareRenderer */,
				218494DF1958D21100E6FCF7 /* Frameworks */,
				218494DE1958D21100E6FCF7 /* Products */,
			);
			sourceTree = "<group>";
		};
		218494DE1958D21100E6FCF7 /* Products */ = {
			isa = PBXGroup;
			children = (
				218494DD1958D21100E6FCF7 /* SoftwareRenderer.app */,
			);
			name = Products;
			sourceTree = "<group>";
		};
		218494DF1958D21100E6FCF7 /* Frameworks */ = {
			isa = PBXGroup;
			children = (
				EBAA762D195C4AD200534532 /* IOKit.framework */,
				EBAA762B195C4ACA00534532 /* OpenAL.framework */,
				EBAA7629195C4AC500534532 /* OpenGL.framework */,
				218494E01958D21100E6FCF7 /* Cocoa.framework */,
				218494E21958D21100E6FCF7 /* Other Frameworks */,
			);
			name = Frameworks;
			sourceTree = "<group>";
		};
		218494E21958D21100E6FCF7 /* Other Frameworks */ = {
			isa = PBXGroup;
			children = (
				218494E31958D21100E6FCF7 /* AppKit.framework */,
				218494E41958D21100E6FCF7 /* CoreData.framework */,
				218494E51958D21100E6FCF7 /* Foundation.framework */,
			);
			name = "Other Frameworks";
			sourceTree = "<group>";
		};
		218494E61958D21100E6FCF7 /* SoftwareRenderer */ = {
			isa = PBXGroup;
			children = (
				EBAA7631195C4F2500534532 /* Base */,
				218A900719696F4700F32339 /* Renderer */,
				EBAA7620195C4A0500534532 /* main.cpp */,
				218494E71958D21100E6FCF7 /* Supporting Files */,
			);
			path = SoftwareRenderer;
			sourceTree = "<group>";
		};
		218494E71958D21100E6FCF7 /* Supporting Files */ = {
			isa = PBXGroup;
			children = (
				218494E81958D21100E6FCF7 /* SoftwareRenderer-Info.plist */,
			);
			name = "Supporting Files";
			sourceTree = "<group>";
		};
		218A900719696F4700F32339 /* Renderer */ = {
			isa = PBXGroup;
			children = (
				218A900819696F6000F32339 /* SoftwareRenderer.h */,
				218A900A19696F8F00F32339 /* SoftwareRenderer.cpp */,
				218A900919696F6000F32339 /* Utils.h */,
			);
			name = Renderer;
			sourceTree = "<group>";
		};
		EBAA7631195C4F2500534532 /* Base */ = {
			isa = PBXGroup;
			children = (
				EBAA7630195C4DDF00534532 /* base.h */,
				EBAA7624195C4A5700534532 /* stdafx.h */,
				EBAA7623195C4A5700534532 /* stdafx.cpp */,
				EBDD4D9A195AFB9800512D87 /* sys.h */,
				EBAA7626195C4A7500534532 /* sys_osx.cpp */,
			);
			name = Base;
			sourceTree = "<group>";
		};
/* End PBXGroup section */

/* Begin PBXNativeTarget section */
		218494DC1958D21100E6FCF7 /* SoftwareRenderer */ = {
			isa = PBXNativeTarget;
			buildConfigurationList = 2184950E1958D21100E6FCF7 /* Build configuration list for PBXNativeTarget "SoftwareRenderer" */;
			buildPhases = (
				218494D91958D21100E6FCF7 /* Sources */,
				218494DA1958D21100E6FCF7 /* Frameworks */,
				218494DB1958D21100E6FCF7 /* Resources */,
			);
			buildRules = (
			);
			dependencies = (
			);
			name = SoftwareRenderer;
			productName = SoftwareRenderer;
			productReference = 218494DD1958D21100E6FCF7 /* SoftwareRenderer.app */;
			productType = "com.apple.product-type.application";
		};
/* End PBXNativeTarget section */

/* Begin PBXProject section */
		218494D51958D21100E6FCF7 /* Project object */ = {
			isa = PBXProject;
			attributes = {
				LastUpgradeCheck = 0510;
				ORGANIZATIONNAME = "Enrique Alcor Martín";
			};
			buildConfigurationList = 218494D81958D21100E6FCF7 /* Build configuration list for PBXProject "SoftwareRenderer" */;
			compatibilityVersion = "Xcode 3.2";
			developmentRegion = English;
			hasScannedForEncodings = 0;
			knownRegions = (
				en,
				Base,
			);
			mainGroup = 218494D41958D21100E6FCF7;
			productRefGroup = 218494DE1958D21100E6FCF7 /* Products */;
			projectDirPath = "";
			projectRoot = "";
			targets = (
				218494DC1958D21100E6FCF7 /* SoftwareRenderer */,
			);
		};
/* End PBXProject section */

/* Begin PBXResourcesBuildPhase section */
		218494DB1958D21100E6FCF7 /* Resources */ = {
			isa = PBXResourcesBuildPhase;
			buildActionMask = 2147483647;
			files = (
			);
			runOnlyForDeploymentPostprocessing = 0;
		};
/* End PBXResourcesBuildPhase section */

/* Begin PBXSourcesBuildPhase section */
		218494D91958D21100E6FCF7 /* Sources */ = {
			isa = PBXSourcesBuildPhase;
			buildActionMask = 2147483647;
			files = (
				EBAA7625195C4A5700534532 /* stdafx.cpp in Sources */,
				EBAA7628195C4A7500534532 /* sys_osx.cpp in Sources */,
				EBAA7622195C4A0500534532 /* main.cpp in Sources */,
				218A900B19696F8F00F32339 /* SoftwareRenderer.cpp in Sources */,
			);
			runOnlyForDeploymentPostprocessing = 0;
		};
/* End PBXSourcesBuildPhase section */

/* Begin XCBuildConfiguration section */
		2184950C1958D21100E6FCF7 /* Debug */ = {
			isa = XCBuildConfiguration;
			buildSettings = {
				ALWAYS_SEARCH_USER_PATHS = NO;
				CLANG_CXX_LANGUAGE_STANDARD = "gnu++0x";
				CLANG_CXX_LIBRARY = "libc++";
				CLANG_ENABLE_MODULES = YES;
				CLANG_ENABLE_OBJC_ARC = YES;
				CLANG_WARN_BOOL_CONVERSION = YES;
				CLANG_WARN_CONSTANT_CONVERSION = YES;
				CLANG_WARN_DIRECT_OBJC_ISA_USAGE = YES_ERROR;
				CLANG_WARN_EMPTY_BODY = YES;
				CLANG_WARN_ENUM_CONVERSION = YES;
				CLANG_WARN_INT_CONVERSION = YES;
				CLANG_WARN_OBJC_ROOT_CLASS = YES_ERROR;
				CLANG_WARN__DUPLICATE_METHOD_MATCH = YES;
				COPY_PHASE_STRIP = NO;
				GCC_C_LANGUAGE_STANDARD = gnu99;
				GCC_DYNAMIC_NO_PIC = NO;
				GCC_ENABLE_OBJC_EXCEPTIONS = YES;
				GCC_OPTIMIZATION_LEVEL = 0;
				GCC_PREPROCESSOR_DEFINITIONS = (
					"DEBUG=1",
					"$(inherited)",
				);
				GCC_SYMBOLS_PRIVATE_EXTERN = NO;
				GCC_WARN_64_TO_32_BIT_CONVERSION = YES;
				GCC_WARN_ABOUT_RETURN_TYPE = YES_ERROR;
				GCC_WARN_UNDECLARED_SELECTOR = YES;
				GCC_WARN_UNINITIALIZED_AUTOS = YES_AGGRESSIVE;
				GCC_WARN_UNUSED_FUNCTION = YES;
				GCC_WARN_UNUSED_VARIABLE = YES;
				MACOSX_DEPLOYMENT_TARGET = 10.9;
				ONLY_ACTIVE_ARCH = YES;
				SDKROOT = macosx;
			};
			name = Debug;
		};
		2184950D1958D21100E6FCF7 /* Release */ = {
			isa = XCBuildConfiguration;
			buildSettings = {
				ALWAYS_SEARCH_USER_PATHS = NO;
				CLANG_CXX_LANGUAGE_STANDARD = "gnu++0x";
				CLANG_CXX_LIBRARY = "libc++";
				CLANG_ENABLE_MODULES = YES;
				CLANG_ENABLE_OBJC_ARC = YES;
				CLANG_WARN_BOOL_CONVERSION = YES;
				CLANG_WARN_CONSTANT_CONVERSION = YES;
				CLANG_WARN_DIRECT_OBJC_ISA_USAGE = YES_ERROR;
				CLANG_WARN_EMPTY_BODY = YES;
				CLANG_WARN_ENUM_CONVERSION = YES;
				CLANG_WARN_INT_CONVERSION = YES;
				CLANG_WARN_OBJC_ROOT_CLASS = YES_ERROR;
				CLANG_WARN__DUPLICATE_METHOD_MATCH = YES;
				COPY_PHASE_STRIP = YES;
				DEBUG_INFORMATION_FORMAT = "dwarf-with-dsym";
				ENABLE_NS_ASSERTIONS = NO;
				GCC_C_LANGUAGE_STANDARD = gnu99;
				GCC_ENABLE_OBJC_EXCEPTIONS = YES;
				GCC_WARN_64_TO_32_BIT_CONVERSION = YES;
				GCC_WARN_ABOUT_RETURN_TYPE = YES_ERROR;
				GCC_WARN_UNDECLARED_SELECTOR = YES;
				GCC_WARN_UNINITIALIZED_AUTOS = YES_AGGRESSIVE;
				GCC_WARN_UNUSED_FUNCTION = YES;
				GCC_WARN_UNUSED_VARIABLE = YES;
				MACOSX_DEPLOYMENT_TARGET = 10.9;
				SDKROOT = macosx;
			};
			name = Release;
		};
		2184950F1958D21100E6FCF7 /* Debug */ = {
			isa = XCBuildConfiguration;
			buildSettings = {
				ASSETCATALOG_COMPILER_APPICON_NAME = AppIcon;
				COMBINE_HIDPI_IMAGES = YES;
				GCC_PRECOMPILE_PREFIX_HEADER = YES;
				GCC_PREFIX_HEADER = "";
				HEADER_SEARCH_PATHS = (
					"$(inherited)",
					/Applications/Xcode.app/Contents/Developer/Toolchains/XcodeDefault.xctoolchain/usr/include,
					/usr/local/include,
				);
				INFOPLIST_FILE = "SoftwareRenderer/SoftwareRenderer-Info.plist";
				LIBRARY_SEARCH_PATHS = /usr/local/lib;
				OTHER_LDFLAGS = "-lglfw";
				PRODUCT_NAME = "$(TARGET_NAME)";
				WRAPPER_EXTENSION = app;
			};
			name = Debug;
		};
		218495101958D21100E6FCF7 /* Release */ = {
			isa = XCBuildConfiguration;
			buildSettings = {
				ASSETCATALOG_COMPILER_APPICON_NAME = AppIcon;
				COMBINE_HIDPI_IMAGES = YES;
				GCC_PRECOMPILE_PREFIX_HEADER = YES;
				GCC_PREFIX_HEADER = "";
				HEADER_SEARCH_PATHS = (
					"$(inherited)",
					/Applications/Xcode.app/Contents/Developer/Toolchains/XcodeDefault.xctoolchain/usr/include,
					/usr/local/include,
				);
				INFOPLIST_FILE = "SoftwareRenderer/SoftwareRenderer-Info.plist";
				LIBRARY_SEARCH_PATHS = /usr/local/lib;
				OTHER_LDFLAGS = "-lglfw";
				PRODUCT_NAME = "$(TARGET_NAME)";
				WRAPPER_EXTENSION = app;
			};
			name = Release;
		};
/* End XCBuildConfiguration section */

/* Begin XCConfigurationList section */
		218494D81958D21100E6FCF7 /* Build configuration list for PBXProject "SoftwareRenderer" */ = {
			isa = XCConfigurationList;
			buildConfigurations = (
				2184950C1958D21100E6FCF7 /* Debug */,
				2184950D1958D21100E6FCF7 /* Release */,
			);
			defaultConfigurationIsVisible = 0;
			defaultConfigurationName = Release;
		};
		2184950E1958D21100E6FCF7 /* Build configuration list for PBXNativeTarget "SoftwareRenderer" */ = {
			isa = XCConfigurationList;
			buildConfigurations = (
				2184950F1958D21100E6FCF7 /* Debug */,
				218495101958D21100E6FCF7 /* Release */,
			);
			defaultConfigurationIsVisible = 0;
			defaultConfigurationName = Release;
		};
/* End XCConfigurationList section */
	};
	rootObject = 218494D51958D21100E6FCF7 /* Project object */;
}
